// !$*UTF8*$!
{
	archiveVersion = 1;
	classes = {
	};
	objectVersion = 46;
	objects = {

/* Begin PBXBuildFile section */
		61242E261E07BF6000D6358F /* main.m in Sources */ = {isa = PBXBuildFile; fileRef = 61242E251E07BF6000D6358F /* main.m */; };
		61242E291E07BF6000D6358F /* AppDelegate.m in Sources */ = {isa = PBXBuildFile; fileRef = 61242E281E07BF6000D6358F /* AppDelegate.m */; };
		61242E311E07BF6000D6358F /* Assets.xcassets in Resources */ = {isa = PBXBuildFile; fileRef = 61242E301E07BF6000D6358F /* Assets.xcassets */; };
		61242E341E07BF6000D6358F /* LaunchScreen.storyboard in Resources */ = {isa = PBXBuildFile; fileRef = 61242E321E07BF6000D6358F /* LaunchScreen.storyboard */; };
		61242E3F1E07BF6000D6358F /* zhMusicTests.m in Sources */ = {isa = PBXBuildFile; fileRef = 61242E3E1E07BF6000D6358F /* zhMusicTests.m */; };
		61242E4A1E07BF6000D6358F /* zhMusicUITests.m in Sources */ = {isa = PBXBuildFile; fileRef = 61242E491E07BF6000D6358F /* zhMusicUITests.m */; };
		612FC3371E0A97AB0006CF5D /* Foundation+Log.m in Sources */ = {isa = PBXBuildFile; fileRef = 612FC3361E0A97AB0006CF5D /* Foundation+Log.m */; };
		612FC33A1E0A98CD0006CF5D /* ZHMusicCell.m in Sources */ = {isa = PBXBuildFile; fileRef = 612FC3391E0A98CD0006CF5D /* ZHMusicCell.m */; };
		613914731E0A575B005350A8 /* ZHTabBarVC.m in Sources */ = {isa = PBXBuildFile; fileRef = 613914721E0A575B005350A8 /* ZHTabBarVC.m */; };
		6139147A1E0A57FF005350A8 /* ZHMusicVC.m in Sources */ = {isa = PBXBuildFile; fileRef = 613914791E0A57FF005350A8 /* ZHMusicVC.m */; };
		6139147D1E0A5B3D005350A8 /* ZHMusicViewModel.m in Sources */ = {isa = PBXBuildFile; fileRef = 6139147C1E0A5B3D005350A8 /* ZHMusicViewModel.m */; };
		613914801E0A5C61005350A8 /* musicGroupList.plist in Resources */ = {isa = PBXBuildFile; fileRef = 6139147F1E0A5C61005350A8 /* musicGroupList.plist */; };
		6139148B1E0A6F1D005350A8 /* ZHTabBarVC+ZH_AddChildVC.m in Sources */ = {isa = PBXBuildFile; fileRef = 6139148A1E0A6F1D005350A8 /* ZHTabBarVC+ZH_AddChildVC.m */; };
/* End PBXBuildFile section */

/* Begin PBXContainerItemProxy section */
		61242E3B1E07BF6000D6358F /* PBXContainerItemProxy */ = {
			isa = PBXContainerItemProxy;
			containerPortal = 61242E191E07BF6000D6358F /* Project object */;
			proxyType = 1;
			remoteGlobalIDString = 61242E201E07BF6000D6358F;
			remoteInfo = zhMusic;
		};
		61242E461E07BF6000D6358F /* PBXContainerItemProxy */ = {
			isa = PBXContainerItemProxy;
			containerPortal = 61242E191E07BF6000D6358F /* Project object */;
			proxyType = 1;
			remoteGlobalIDString = 61242E201E07BF6000D6358F;
			remoteInfo = zhMusic;
		};
/* End PBXContainerItemProxy section */

/* Begin PBXFileReference section */
		61242E211E07BF6000D6358F /* zhMusic.app */ = {isa = PBXFileReference; explicitFileType = wrapper.application; includeInIndex = 0; path = zhMusic.app; sourceTree = BUILT_PRODUCTS_DIR; };
		61242E251E07BF6000D6358F /* main.m */ = {isa = PBXFileReference; lastKnownFileType = sourcecode.c.objc; path = main.m; sourceTree = "<group>"; };
		61242E271E07BF6000D6358F /* AppDelegate.h */ = {isa = PBXFileReference; lastKnownFileType = sourcecode.c.h; path = AppDelegate.h; sourceTree = "<group>"; };
		61242E281E07BF6000D6358F /* AppDelegate.m */ = {isa = PBXFileReference; lastKnownFileType = sourcecode.c.objc; path = AppDelegate.m; sourceTree = "<group>"; };
		61242E301E07BF6000D6358F /* Assets.xcassets */ = {isa = PBXFileReference; lastKnownFileType = folder.assetcatalog; path = Assets.xcassets; sourceTree = "<group>"; };
		61242E331E07BF6000D6358F /* Base */ = {isa = PBXFileReference; lastKnownFileType = file.storyboard; name = Base; path = Base.lproj/LaunchScreen.storyboard; sourceTree = "<group>"; };
		61242E351E07BF6000D6358F /* Info.plist */ = {isa = PBXFileReference; lastKnownFileType = text.plist.xml; path = Info.plist; sourceTree = "<group>"; };
		61242E3A1E07BF6000D6358F /* zhMusicTests.xctest */ = {isa = PBXFileReference; explicitFileType = wrapper.cfbundle; includeInIndex = 0; path = zhMusicTests.xctest; sourceTree = BUILT_PRODUCTS_DIR; };
		61242E3E1E07BF6000D6358F /* zhMusicTests.m */ = {isa = PBXFileReference; lastKnownFileType = sourcecode.c.objc; path = zhMusicTests.m; sourceTree = "<group>"; };
		61242E401E07BF6000D6358F /* Info.plist */ = {isa = PBXFileReference; lastKnownFileType = text.plist.xml; path = Info.plist; sourceTree = "<group>"; };
		61242E451E07BF6000D6358F /* zhMusicUITests.xctest */ = {isa = PBXFileReference; explicitFileType = wrapper.cfbundle; includeInIndex = 0; path = zhMusicUITests.xctest; sourceTree = BUILT_PRODUCTS_DIR; };
		61242E491E07BF6000D6358F /* zhMusicUITests.m */ = {isa = PBXFileReference; lastKnownFileType = sourcecode.c.objc; path = zhMusicUITests.m; sourceTree = "<group>"; };
		61242E4B1E07BF6000D6358F /* Info.plist */ = {isa = PBXFileReference; lastKnownFileType = text.plist.xml; path = Info.plist; sourceTree = "<group>"; };
		612FC3361E0A97AB0006CF5D /* Foundation+Log.m */ = {isa = PBXFileReference; fileEncoding = 4; lastKnownFileType = sourcecode.c.objc; path = "Foundation+Log.m"; sourceTree = "<group>"; };
		612FC3381E0A98CD0006CF5D /* ZHMusicCell.h */ = {isa = PBXFileReference; fileEncoding = 4; lastKnownFileType = sourcecode.c.h; path = ZHMusicCell.h; sourceTree = "<group>"; };
		612FC3391E0A98CD0006CF5D /* ZHMusicCell.m */ = {isa = PBXFileReference; fileEncoding = 4; lastKnownFileType = sourcecode.c.objc; path = ZHMusicCell.m; sourceTree = "<group>"; };
		613914711E0A575B005350A8 /* ZHTabBarVC.h */ = {isa = PBXFileReference; fileEncoding = 4; lastKnownFileType = sourcecode.c.h; path = ZHTabBarVC.h; sourceTree = "<group>"; };
		613914721E0A575B005350A8 /* ZHTabBarVC.m */ = {isa = PBXFileReference; fileEncoding = 4; lastKnownFileType = sourcecode.c.objc; path = ZHTabBarVC.m; sourceTree = "<group>"; };
		613914771E0A57A6005350A8 /* MusicPch.h */ = {isa = PBXFileReference; lastKnownFileType = sourcecode.c.h; path = MusicPch.h; sourceTree = "<group>"; };
		613914781E0A57FF005350A8 /* ZHMusicVC.h */ = {isa = PBXFileReference; fileEncoding = 4; lastKnownFileType = sourcecode.c.h; path = ZHMusicVC.h; sourceTree = "<group>"; };
		613914791E0A57FF005350A8 /* ZHMusicVC.m */ = {isa = PBXFileReference; fileEncoding = 4; lastKnownFileType = sourcecode.c.objc; path = ZHMusicVC.m; sourceTree = "<group>"; };
		6139147B1E0A5B3D005350A8 /* ZHMusicViewModel.h */ = {isa = PBXFileReference; fileEncoding = 4; lastKnownFileType = sourcecode.c.h; path = ZHMusicViewModel.h; sourceTree = "<group>"; };
		6139147C1E0A5B3D005350A8 /* ZHMusicViewModel.m */ = {isa = PBXFileReference; fileEncoding = 4; lastKnownFileType = sourcecode.c.objc; path = ZHMusicViewModel.m; sourceTree = "<group>"; };
		6139147F1E0A5C61005350A8 /* musicGroupList.plist */ = {isa = PBXFileReference; fileEncoding = 4; lastKnownFileType = text.plist.xml; path = musicGroupList.plist; sourceTree = "<group>"; };
		613914891E0A6F1D005350A8 /* ZHTabBarVC+ZH_AddChildVC.h */ = {isa = PBXFileReference; fileEncoding = 4; lastKnownFileType = sourcecode.c.h; path = "ZHTabBarVC+ZH_AddChildVC.h"; sourceTree = "<group>"; };
		6139148A1E0A6F1D005350A8 /* ZHTabBarVC+ZH_AddChildVC.m */ = {isa = PBXFileReference; fileEncoding = 4; lastKnownFileType = sourcecode.c.objc; path = "ZHTabBarVC+ZH_AddChildVC.m"; sourceTree = "<group>"; };
/* End PBXFileReference section */

/* Begin PBXFrameworksBuildPhase section */
		61242E1E1E07BF6000D6358F /* Frameworks */ = {
			isa = PBXFrameworksBuildPhase;
			buildActionMask = 2147483647;
			files = (
			);
			runOnlyForDeploymentPostprocessing = 0;
		};
		61242E371E07BF6000D6358F /* Frameworks */ = {
			isa = PBXFrameworksBuildPhase;
			buildActionMask = 2147483647;
			files = (
			);
			runOnlyForDeploymentPostprocessing = 0;
		};
		61242E421E07BF6000D6358F /* Frameworks */ = {
			isa = PBXFrameworksBuildPhase;
			buildActionMask = 2147483647;
			files = (
			);
			runOnlyForDeploymentPostprocessing = 0;
		};
/* End PBXFrameworksBuildPhase section */

/* Begin PBXGroup section */
		61242E181E07BF6000D6358F = {
			isa = PBXGroup;
			children = (
				61242E231E07BF6000D6358F /* zhMusic */,
				61242E3D1E07BF6000D6358F /* zhMusicTests */,
				61242E481E07BF6000D6358F /* zhMusicUITests */,
				61242E221E07BF6000D6358F /* Products */,
			);
			sourceTree = "<group>";
		};
		61242E221E07BF6000D6358F /* Products */ = {
			isa = PBXGroup;
			children = (
				61242E211E07BF6000D6358F /* zhMusic.app */,
				61242E3A1E07BF6000D6358F /* zhMusicTests.xctest */,
				61242E451E07BF6000D6358F /* zhMusicUITests.xctest */,
			);
			name = Products;
			sourceTree = "<group>";
		};
		61242E231E07BF6000D6358F /* zhMusic */ = {
			isa = PBXGroup;
			children = (
				61242E581E07C4A500D6358F /* Main */,
				61D2E9241E07FC3B00E72F82 /* MusicController */,
				613914821E0A6BBD005350A8 /* Other */,
				61242E271E07BF6000D6358F /* AppDelegate.h */,
				61242E281E07BF6000D6358F /* AppDelegate.m */,
				613914771E0A57A6005350A8 /* MusicPch.h */,
				61242E301E07BF6000D6358F /* Assets.xcassets */,
				61242E321E07BF6000D6358F /* LaunchScreen.storyboard */,
				61242E351E07BF6000D6358F /* Info.plist */,
				61242E241E07BF6000D6358F /* Supporting Files */,
			);
			path = zhMusic;
			sourceTree = "<group>";
		};
		61242E241E07BF6000D6358F /* Supporting Files */ = {
			isa = PBXGroup;
			children = (
				61242E251E07BF6000D6358F /* main.m */,
			);
			name = "Supporting Files";
			sourceTree = "<group>";
		};
		61242E3D1E07BF6000D6358F /* zhMusicTests */ = {
			isa = PBXGroup;
			children = (
				61242E3E1E07BF6000D6358F /* zhMusicTests.m */,
				61242E401E07BF6000D6358F /* Info.plist */,
			);
			path = zhMusicTests;
			sourceTree = "<group>";
		};
		61242E481E07BF6000D6358F /* zhMusicUITests */ = {
			isa = PBXGroup;
			children = (
				61242E491E07BF6000D6358F /* zhMusicUITests.m */,
				61242E4B1E07BF6000D6358F /* Info.plist */,
			);
			path = zhMusicUITests;
			sourceTree = "<group>";
		};
		61242E581E07C4A500D6358F /* Main */ = {
			isa = PBXGroup;
			children = (
				61242E591E07C4E400D6358F /* Controller */,
			);
			path = Main;
			sourceTree = "<group>";
		};
		61242E591E07C4E400D6358F /* Controller */ = {
			isa = PBXGroup;
			children = (
				613914711E0A575B005350A8 /* ZHTabBarVC.h */,
				613914721E0A575B005350A8 /* ZHTabBarVC.m */,
			);
			path = Controller;
			sourceTree = "<group>";
		};
		612FC3341E0A968D0006CF5D /* log */ = {
			isa = PBXGroup;
			children = (
				612FC3361E0A97AB0006CF5D /* Foundation+Log.m */,
			);
			path = log;
			sourceTree = "<group>";
		};
		6139147E1E0A5C34005350A8 /* Other */ = {
			isa = PBXGroup;
			children = (
				6139147F1E0A5C61005350A8 /* musicGroupList.plist */,
			);
			path = Other;
			sourceTree = "<group>";
		};
		613914811E0A6380005350A8 /* View */ = {
			isa = PBXGroup;
			children = (
				612FC3381E0A98CD0006CF5D /* ZHMusicCell.h */,
				612FC3391E0A98CD0006CF5D /* ZHMusicCell.m */,
			);
			path = View;
			sourceTree = "<group>";
		};
		613914821E0A6BBD005350A8 /* Other */ = {
			isa = PBXGroup;
			children = (
				613914831E0A6BCE005350A8 /* Category */,
			);
			path = Other;
			sourceTree = "<group>";
		};
		613914831E0A6BCE005350A8 /* Category */ = {
			isa = PBXGroup;
			children = (
				612FC3341E0A968D0006CF5D /* log */,
				613914841E0A6BDD005350A8 /* UITabBarController */,
			);
			path = Category;
			sourceTree = "<group>";
		};
		613914841E0A6BDD005350A8 /* UITabBarController */ = {
			isa = PBXGroup;
			children = (
				613914891E0A6F1D005350A8 /* ZHTabBarVC+ZH_AddChildVC.h */,
				6139148A1E0A6F1D005350A8 /* ZHTabBarVC+ZH_AddChildVC.m */,
			);
			path = UITabBarController;
			sourceTree = "<group>";
		};
		61D2E9241E07FC3B00E72F82 /* MusicController */ = {
			isa = PBXGroup;
			children = (
				61D2E9281E07FCBB00E72F82 /* Controllers */,
				61D2E92C1E07FE7E00E72F82 /* viewModels */,
				613914811E0A6380005350A8 /* View */,
				6139147E1E0A5C34005350A8 /* Other */,
			);
			path = MusicController;
			sourceTree = "<group>";
		};
		61D2E9281E07FCBB00E72F82 /* Controllers */ = {
			isa = PBXGroup;
			children = (
				613914781E0A57FF005350A8 /* ZHMusicVC.h */,
				613914791E0A57FF005350A8 /* ZHMusicVC.m */,
			);
			path = Controllers;
			sourceTree = "<group>";
		};
		61D2E92C1E07FE7E00E72F82 /* viewModels */ = {
			isa = PBXGroup;
			children = (
				6139147B1E0A5B3D005350A8 /* ZHMusicViewModel.h */,
				6139147C1E0A5B3D005350A8 /* ZHMusicViewModel.m */,
			);
			path = viewModels;
			sourceTree = "<group>";
		};
/* End PBXGroup section */

/* Begin PBXNativeTarget section */
		61242E201E07BF6000D6358F /* zhMusic */ = {
			isa = PBXNativeTarget;
			buildConfigurationList = 61242E4E1E07BF6000D6358F /* Build configuration list for PBXNativeTarget "zhMusic" */;
			buildPhases = (
				61242E1D1E07BF6000D6358F /* Sources */,
				61242E1E1E07BF6000D6358F /* Frameworks */,
				61242E1F1E07BF6000D6358F /* Resources */,
			);
			buildRules = (
			);
			dependencies = (
			);
			name = zhMusic;
			productName = zhMusic;
			productReference = 61242E211E07BF6000D6358F /* zhMusic.app */;
			productType = "com.apple.product-type.application";
		};
		61242E391E07BF6000D6358F /* zhMusicTests */ = {
			isa = PBXNativeTarget;
			buildConfigurationList = 61242E511E07BF6000D6358F /* Build configuration list for PBXNativeTarget "zhMusicTests" */;
			buildPhases = (
				61242E361E07BF6000D6358F /* Sources */,
				61242E371E07BF6000D6358F /* Frameworks */,
				61242E381E07BF6000D6358F /* Resources */,
			);
			buildRules = (
			);
			dependencies = (
				61242E3C1E07BF6000D6358F /* PBXTargetDependency */,
			);
			name = zhMusicTests;
			productName = zhMusicTests;
			productReference = 61242E3A1E07BF6000D6358F /* zhMusicTests.xctest */;
			productType = "com.apple.product-type.bundle.unit-test";
		};
		61242E441E07BF6000D6358F /* zhMusicUITests */ = {
			isa = PBXNativeTarget;
			buildConfigurationList = 61242E541E07BF6000D6358F /* Build configuration list for PBXNativeTarget "zhMusicUITests" */;
			buildPhases = (
				61242E411E07BF6000D6358F /* Sources */,
				61242E421E07BF6000D6358F /* Frameworks */,
				61242E431E07BF6000D6358F /* Resources */,
			);
			buildRules = (
			);
			dependencies = (
				61242E471E07BF6000D6358F /* PBXTargetDependency */,
			);
			name = zhMusicUITests;
			productName = zhMusicUITests;
			productReference = 61242E451E07BF6000D6358F /* zhMusicUITests.xctest */;
			productType = "com.apple.product-type.bundle.ui-testing";
		};
/* End PBXNativeTarget section */

/* Begin PBXProject section */
		61242E191E07BF6000D6358F /* Project object */ = {
			isa = PBXProject;
			attributes = {
				CLASSPREFIX = ZH;
				LastUpgradeCheck = 0820;
				ORGANIZATIONNAME = "张淏";
				TargetAttributes = {
					61242E201E07BF6000D6358F = {
						CreatedOnToolsVersion = 8.2;
						DevelopmentTeam = TWTWA4ED9L;
						ProvisioningStyle = Automatic;
					};
					61242E391E07BF6000D6358F = {
						CreatedOnToolsVersion = 8.2;
						DevelopmentTeam = TWTWA4ED9L;
						ProvisioningStyle = Automatic;
						TestTargetID = 61242E201E07BF6000D6358F;
					};
					61242E441E07BF6000D6358F = {
						CreatedOnToolsVersion = 8.2;
						DevelopmentTeam = TWTWA4ED9L;
						ProvisioningStyle = Automatic;
						TestTargetID = 61242E201E07BF6000D6358F;
					};
				};
			};
			buildConfigurationList = 61242E1C1E07BF6000D6358F /* Build configuration list for PBXProject "zhMusic" */;
			compatibilityVersion = "Xcode 3.2";
			developmentRegion = English;
			hasScannedForEncodings = 0;
			knownRegions = (
				en,
				Base,
			);
			mainGroup = 61242E181E07BF6000D6358F;
			productRefGroup = 61242E221E07BF6000D6358F /* Products */;
			projectDirPath = "";
			projectRoot = "";
			targets = (
				61242E201E07BF6000D6358F /* zhMusic */,
				61242E391E07BF6000D6358F /* zhMusicTests */,
				61242E441E07BF6000D6358F /* zhMusicUITests */,
			);
		};
/* End PBXProject section */

/* Begin PBXResourcesBuildPhase section */
		61242E1F1E07BF6000D6358F /* Resources */ = {
			isa = PBXResourcesBuildPhase;
			buildActionMask = 2147483647;
			files = (
				613914801E0A5C61005350A8 /* musicGroupList.plist in Resources */,
				61242E341E07BF6000D6358F /* LaunchScreen.storyboard in Resources */,
				61242E311E07BF6000D6358F /* Assets.xcassets in Resources */,
			);
			runOnlyForDeploymentPostprocessing = 0;
		};
		61242E381E07BF6000D6358F /* Resources */ = {
			isa = PBXResourcesBuildPhase;
			buildActionMask = 2147483647;
			files = (
			);
			runOnlyForDeploymentPostprocessing = 0;
		};
		61242E431E07BF6000D6358F /* Resources */ = {
			isa = PBXResourcesBuildPhase;
			buildActionMask = 2147483647;
			files = (
			);
			runOnlyForDeploymentPostprocessing = 0;
		};
/* End PBXResourcesBuildPhase section */

/* Begin PBXSourcesBuildPhase section */
		61242E1D1E07BF6000D6358F /* Sources */ = {
			isa = PBXSourcesBuildPhase;
			buildActionMask = 2147483647;
			files = (
				61242E291E07BF6000D6358F /* AppDelegate.m in Sources */,
				612FC3371E0A97AB0006CF5D /* Foundation+Log.m in Sources */,
				6139148B1E0A6F1D005350A8 /* ZHTabBarVC+ZH_AddChildVC.m in Sources */,
				612FC33A1E0A98CD0006CF5D /* ZHMusicCell.m in Sources */,
				613914731E0A575B005350A8 /* ZHTabBarVC.m in Sources */,
				6139147A1E0A57FF005350A8 /* ZHMusicVC.m in Sources */,
				6139147D1E0A5B3D005350A8 /* ZHMusicViewModel.m in Sources */,
				61242E261E07BF6000D6358F /* main.m in Sources */,
			);
			runOnlyForDeploymentPostprocessing = 0;
		};
		61242E361E07BF6000D6358F /* Sources */ = {
			isa = PBXSourcesBuildPhase;
			buildActionMask = 2147483647;
			files = (
				61242E3F1E07BF6000D6358F /* zhMusicTests.m in Sources */,
			);
			runOnlyForDeploymentPostprocessing = 0;
		};
		61242E411E07BF6000D6358F /* Sources */ = {
			isa = PBXSourcesBuildPhase;
			buildActionMask = 2147483647;
			files = (
				61242E4A1E07BF6000D6358F /* zhMusicUITests.m in Sources */,
			);
			runOnlyForDeploymentPostprocessing = 0;
		};
/* End PBXSourcesBuildPhase section */

/* Begin PBXTargetDependency section */
		61242E3C1E07BF6000D6358F /* PBXTargetDependency */ = {
			isa = PBXTargetDependency;
			target = 61242E201E07BF6000D6358F /* zhMusic */;
			targetProxy = 61242E3B1E07BF6000D6358F /* PBXContainerItemProxy */;
		};
		61242E471E07BF6000D6358F /* PBXTargetDependency */ = {
			isa = PBXTargetDependency;
			target = 61242E201E07BF6000D6358F /* zhMusic */;
			targetProxy = 61242E461E07BF6000D6358F /* PBXContainerItemProxy */;
		};
/* End PBXTargetDependency section */

/* Begin PBXVariantGroup section */
		61242E321E07BF6000D6358F /* LaunchScreen.storyboard */ = {
			isa = PBXVariantGroup;
			children = (
				61242E331E07BF6000D6358F /* Base */,
			);
			name = LaunchScreen.storyboard;
			sourceTree = "<group>";
		};
/* End PBXVariantGroup section */

/* Begin XCBuildConfiguration section */
		61242E4C1E07BF6000D6358F /* Debug */ = {
			isa = XCBuildConfiguration;
			buildSettings = {
				ALWAYS_SEARCH_USER_PATHS = NO;
				CLANG_ANALYZER_NONNULL = YES;
				CLANG_CXX_LANGUAGE_STANDARD = "gnu++0x";
				CLANG_CXX_LIBRARY = "libc++";
				CLANG_ENABLE_MODULES = YES;
				CLANG_ENABLE_OBJC_ARC = YES;
				CLANG_WARN_BOOL_CONVERSION = YES;
				CLANG_WARN_CONSTANT_CONVERSION = YES;
				CLANG_WARN_DIRECT_OBJC_ISA_USAGE = YES_ERROR;
				CLANG_WARN_DOCUMENTATION_COMMENTS = YES;
				CLANG_WARN_EMPTY_BODY = YES;
				CLANG_WARN_ENUM_CONVERSION = YES;
				CLANG_WARN_INFINITE_RECURSION = YES;
				CLANG_WARN_INT_CONVERSION = YES;
				CLANG_WARN_OBJC_ROOT_CLASS = YES_ERROR;
				CLANG_WARN_SUSPICIOUS_MOVE = YES;
				CLANG_WARN_UNREACHABLE_CODE = YES;
				CLANG_WARN__DUPLICATE_METHOD_MATCH = YES;
				"CODE_SIGN_IDENTITY[sdk=iphoneos*]" = "iPhone Developer";
				COPY_PHASE_STRIP = NO;
				DEBUG_INFORMATION_FORMAT = dwarf;
				ENABLE_STRICT_OBJC_MSGSEND = YES;
				ENABLE_TESTABILITY = YES;
				GCC_C_LANGUAGE_STANDARD = gnu99;
				GCC_DYNAMIC_NO_PIC = NO;
				GCC_NO_COMMON_BLOCKS = YES;
				GCC_OPTIMIZATION_LEVEL = 0;
				GCC_PREPROCESSOR_DEFINITIONS = (
					"DEBUG=1",
					"$(inherited)",
				);
				GCC_WARN_64_TO_32_BIT_CONVERSION = YES;
				GCC_WARN_ABOUT_RETURN_TYPE = YES_ERROR;
				GCC_WARN_UNDECLARED_SELECTOR = YES;
				GCC_WARN_UNINITIALIZED_AUTOS = YES_AGGRESSIVE;
				GCC_WARN_UNUSED_FUNCTION = YES;
				GCC_WARN_UNUSED_VARIABLE = YES;
				IPHONEOS_DEPLOYMENT_TARGET = 10.2;
				MTL_ENABLE_DEBUG_INFO = YES;
				ONLY_ACTIVE_ARCH = YES;
				SDKROOT = iphoneos;
			};
			name = Debug;
		};
		61242E4D1E07BF6000D6358F /* Release */ = {
			isa = XCBuildConfiguration;
			buildSettings = {
				ALWAYS_SEARCH_USER_PATHS = NO;
				CLANG_ANALYZER_NONNULL = YES;
				CLANG_CXX_LANGUAGE_STANDARD = "gnu++0x";
				CLANG_CXX_LIBRARY = "libc++";
				CLANG_ENABLE_MODULES = YES;
				CLANG_ENABLE_OBJC_ARC = YES;
				CLANG_WARN_BOOL_CONVERSION = YES;
				CLANG_WARN_CONSTANT_CONVERSION = YES;
				CLANG_WARN_DIRECT_OBJC_ISA_USAGE = YES_ERROR;
				CLANG_WARN_DOCUMENTATION_COMMENTS = YES;
				CLANG_WARN_EMPTY_BODY = YES;
				CLANG_WARN_ENUM_CONVERSION = YES;
				CLANG_WARN_INFINITE_RECURSION = YES;
				CLANG_WARN_INT_CONVERSION = YES;
				CLANG_WARN_OBJC_ROOT_CLASS = YES_ERROR;
				CLANG_WARN_SUSPICIOUS_MOVE = YES;
				CLANG_WARN_UNREACHABLE_CODE = YES;
				CLANG_WARN__DUPLICATE_METHOD_MATCH = YES;
				"CODE_SIGN_IDENTITY[sdk=iphoneos*]" = "iPhone Developer";
				COPY_PHASE_STRIP = NO;
				DEBUG_INFORMATION_FORMAT = "dwarf-with-dsym";
				ENABLE_NS_ASSERTIONS = NO;
				ENABLE_STRICT_OBJC_MSGSEND = YES;
				GCC_C_LANGUAGE_STANDARD = gnu99;
				GCC_NO_COMMON_BLOCKS = YES;
				GCC_WARN_64_TO_32_BIT_CONVERSION = YES;
				GCC_WARN_ABOUT_RETURN_TYPE = YES_ERROR;
				GCC_WARN_UNDECLARED_SELECTOR = YES;
				GCC_WARN_UNINITIALIZED_AUTOS = YES_AGGRESSIVE;
				GCC_WARN_UNUSED_FUNCTION = YES;
				GCC_WARN_UNUSED_VARIABLE = YES;
				IPHONEOS_DEPLOYMENT_TARGET = 10.2;
				MTL_ENABLE_DEBUG_INFO = NO;
				SDKROOT = iphoneos;
				VALIDATE_PRODUCT = YES;
			};
			name = Release;
		};
		61242E4F1E07BF6000D6358F /* Debug */ = {
			isa = XCBuildConfiguration;
			buildSettings = {
				ASSETCATALOG_COMPILER_APPICON_NAME = AppIcon;
				DEVELOPMENT_TEAM = TWTWA4ED9L;
				INFOPLIST_FILE = zhMusic/Info.plist;
				LD_RUNPATH_SEARCH_PATHS = "$(inherited) @executable_path/Frameworks";
				PRODUCT_BUNDLE_IDENTIFIER = com.zhanghao.zhMusic;
				PRODUCT_NAME = "$(TARGET_NAME)";
			};
			name = Debug;
		};
		61242E501E07BF6000D6358F /* Release */ = {
			isa = XCBuildConfiguration;
			buildSettings = {
				ASSETCATALOG_COMPILER_APPICON_NAME = AppIcon;
				DEVELOPMENT_TEAM = TWTWA4ED9L;
				INFOPLIST_FILE = zhMusic/Info.plist;
				LD_RUNPATH_SEARCH_PATHS = "$(inherited) @executable_path/Frameworks";
				PRODUCT_BUNDLE_IDENTIFIER = com.zhanghao.zhMusic;
				PRODUCT_NAME = "$(TARGET_NAME)";
			};
			name = Release;
		};
		61242E521E07BF6000D6358F /* Debug */ = {
			isa = XCBuildConfiguration;
			buildSettings = {
				BUNDLE_LOADER = "$(TEST_HOST)";
				DEVELOPMENT_TEAM = TWTWA4ED9L;
				INFOPLIST_FILE = zhMusicTests/Info.plist;
				LD_RUNPATH_SEARCH_PATHS = "$(inherited) @executable_path/Frameworks @loader_path/Frameworks";
				PRODUCT_BUNDLE_IDENTIFIER = com.zhanghao.zhMusicTests;
				PRODUCT_NAME = "$(TARGET_NAME)";
				TEST_HOST = "$(BUILT_PRODUCTS_DIR)/zhMusic.app/zhMusic";
			};
			name = Debug;
		};
		61242E531E07BF6000D6358F /* Release */ = {
			isa = XCBuildConfiguration;
			buildSettings = {
				BUNDLE_LOADER = "$(TEST_HOST)";
				DEVELOPMENT_TEAM = TWTWA4ED9L;
				INFOPLIST_FILE = zhMusicTests/Info.plist;
				LD_RUNPATH_SEARCH_PATHS = "$(inherited) @executable_path/Frameworks @loader_path/Frameworks";
				PRODUCT_BUNDLE_IDENTIFIER = com.zhanghao.zhMusicTests;
				PRODUCT_NAME = "$(TARGET_NAME)";
				TEST_HOST = "$(BUILT_PRODUCTS_DIR)/zhMusic.app/zhMusic";
			};
			name = Release;
		};
		61242E551E07BF6000D6358F /* Debug */ = {
			isa = XCBuildConfiguration;
			buildSettings = {
				DEVELOPMENT_TEAM = TWTWA4ED9L;
				INFOPLIST_FILE = zhMusicUITests/Info.plist;
				LD_RUNPATH_SEARCH_PATHS = "$(inherited) @executable_path/Frameworks @loader_path/Frameworks";
				PRODUCT_BUNDLE_IDENTIFIER = com.zhanghao.zhMusicUITests;
				PRODUCT_NAME = "$(TARGET_NAME)";
				TEST_TARGET_NAME = zhMusic;
			};
			name = Debug;
		};
		61242E561E07BF6000D6358F /* Release */ = {
			isa = XCBuildConfiguration;
			buildSettings = {
				DEVELOPMENT_TEAM = TWTWA4ED9L;
				INFOPLIST_FILE = zhMusicUITests/Info.plist;
				LD_RUNPATH_SEARCH_PATHS = "$(inherited) @executable_path/Frameworks @loader_path/Frameworks";
				PRODUCT_BUNDLE_IDENTIFIER = com.zhanghao.zhMusicUITests;
				PRODUCT_NAME = "$(TARGET_NAME)";
				TEST_TARGET_NAME = zhMusic;
			};
			name = Release;
		};
/* End XCBuildConfiguration section */

/* Begin XCConfigurationList section */
		61242E1C1E07BF6000D6358F /* Build configuration list for PBXProject "zhMusic" */ = {
			isa = XCConfigurationList;
			buildConfigurations = (
				61242E4C1E07BF6000D6358F /* Debug */,
				61242E4D1E07BF6000D6358F /* Release */,
			);
			defaultConfigurationIsVisible = 0;
			defaultConfigurationName = Release;
		};
		61242E4E1E07BF6000D6358F /* Build configuration list for PBXNativeTarget "zhMusic" */ = {
			isa = XCConfigurationList;
			buildConfigurations = (
				61242E4F1E07BF6000D6358F /* Debug */,
				61242E501E07BF6000D6358F /* Release */,
			);
			defaultConfigurationIsVisible = 0;
			defaultConfigurationName = Release;
		};
		61242E511E07BF6000D6358F /* Build configuration list for PBXNativeTarget "zhMusicTests" */ = {
			isa = XCConfigurationList;
			buildConfigurations = (
				61242E521E07BF6000D6358F /* Debug */,
				61242E531E07BF6000D6358F /* Release */,
			);
			defaultConfigurationIsVisible = 0;
			defaultConfigurationName = Release;
		};
		61242E541E07BF6000D6358F /* Build configuration list for PBXNativeTarget "zhMusicUITests" */ = {
			isa = XCConfigurationList;
			buildConfigurations = (
				61242E551E07BF6000D6358F /* Debug */,
				61242E561E07BF6000D6358F /* Release */,
			);
			defaultConfigurationIsVisible = 0;
			defaultConfigurationName = Release;
		};
/* End XCConfigurationList section */
	};
	rootObject = 61242E191E07BF6000D6358F /* Project object */;
}
